
Microsoft Visual Studio Solution File, Format Version 12.00
# Visual Studio Version 17
VisualStudioVersion = 17.4.33103.184
MinimumVisualStudioVersion = 10.0.40219.1
Project("{FAE04EC0-301F-11D3-BF4B-00C04F79EFBC}") = "MediatRPC.Server", "MediatRPC.Server\MediatRPC.Server.csproj", "{EFE0230A-A203-4EAC-99AA-68CD3C440592}"
EndProject
Project("{FAE04EC0-301F-11D3-BF4B-00C04F79EFBC}") = "MediatRPC.Client", "MediatRPC.Client\MediatRPC.Client.csproj", "{30697D02-25F8-416D-9FED-AB64D0A2888A}"
EndProject
Project("{FAE04EC0-301F-11D3-BF4B-00C04F79EFBC}") = "MediatRPC.Share", "MediatRPC.Share\MediatRPC.Share.csproj", "{28C32727-7E14-4E67-900C-E877ECBC6826}"
EndProject
Global
	GlobalSection(SolutionConfigurationPlatforms) = preSolution
		Debug|Any CPU = Debug|Any CPU
		Release|Any CPU = Release|Any CPU
	EndGlobalSection
	GlobalSection(ProjectConfigurationPlatforms) = postSolution
		{EFE0230A-A203-4EAC-99AA-68CD3C440592}.Debug|Any CPU.ActiveCfg = Debug|Any CPU
		{EFE0230A-A203-4EAC-99AA-68CD3C440592}.Debug|Any CPU.Build.0 = Debug|Any CPU
		{EFE0230A-A203-4EAC-99AA-68CD3C440592}.Release|Any CPU.ActiveCfg = Release|Any CPU
		{EFE0230A-A203-4EAC-99AA-68CD3C440592}.Release|Any CPU.Build.0 = Release|Any CPU
		{30697D02-25F8-416D-9FED-AB64D0A2888A}.Debug|Any CPU.ActiveCfg = Debug|Any CPU
		{30697D02-25F8-416D-9FED-AB64D0A2888A}.Debug|Any CPU.Build.0 = Debug|Any CPU
		{30697D02-25F8-416D-9FED-AB64D0A2888A}.Release|Any CPU.ActiveCfg = Release|Any CPU
		{30697D02-25F8-416D-9FED-AB64D0A2888A}.Release|Any CPU.Build.0 = Release|Any CPU
		{28C32727-7E14-4E67-900C-E877ECBC6826}.Debug|Any CPU.ActiveCfg = Debug|Any CPU
		{28C32727-7E14-4E67-900C-E877ECBC6826}.Debug|Any CPU.Build.0 = Debug|Any CPU
		{28C32727-7E14-4E67-900C-E877ECBC6826}.Release|Any CPU.ActiveCfg = Release|Any CPU
		{28C32727-7E14-4E67-900C-E877ECBC6826}.Release|Any CPU.Build.0 = Release|Any CPU
	EndGlobalSection
	GlobalSection(SolutionProperties) = preSolution
		HideSolutionNode = FALSE
	EndGlobalSection
	GlobalSection(ExtensibilityGlobals) = postSolution
		SolutionGuid = {B1771B7C-0C65-4958-A07F-2F2E8FD40867}
	EndGlobalSection
EndGlobal
